
Microsoft Visual Studio Solution File, Format Version 12.00
# Visual Studio 15
VisualStudioVersion = 15.0.27703.2026
MinimumVisualStudioVersion = 10.0.40219.1
Project("{9A19103F-16F7-4668-BE54-9A1E7A4F7556}") = "PagesWebApp", "PagesWebApp\PagesWebApp.csproj", "{C0BF7511-19E5-4740-9529-BD51BE41AE98}"
EndProject
Project("{9A19103F-16F7-4668-BE54-9A1E7A4F7556}") = "PagesWebAppClient", "PagesWebAppClient\PagesWebAppClient.csproj", "{68993A91-3450-4839-ABFD-F0C00D4B824A}"
EndProject
Project("{9A19103F-16F7-4668-BE54-9A1E7A4F7556}") = "PagesWebAppClient-NoUserDatabase", "PagesWebAppClient-NoUserDatabase\PagesWebAppClient-NoUserDatabase.csproj", "{375E71AE-6175-43AB-91DF-0218A7CEAB77}"
EndProject
Project("{9A19103F-16F7-4668-BE54-9A1E7A4F7556}") = "IdentityModelExtras", "IdentityModelExtras\IdentityModelExtras.csproj", "{A2AF9E93-C4C4-4132-9911-252907C34EA1}"
EndProject
Project("{9A19103F-16F7-4668-BE54-9A1E7A4F7556}") = "AspNetCore.Identity.Neo4j", "AspNetCore.Identity.Neo4j\AspNetCore.Identity.Neo4j.csproj", "{2D86D385-2961-411E-A2D6-25DBD289F3DB}"
EndProject
Project("{9A19103F-16F7-4668-BE54-9A1E7A4F7556}") = "PagesWebApp.AspNetCoreNeo4j", "PagesWebApp.AspNetCoreNeo4j\PagesWebApp.AspNetCoreNeo4j.csproj", "{CB62AF2F-B692-4FF7-9683-7A29ED0104D9}"
EndProject
Project("{9A19103F-16F7-4668-BE54-9A1E7A4F7556}") = "PagesWebApp.AspNetCoreNeo4j.Support", "PagesWebApp.AspNetCoreNeo4j.Support\PagesWebApp.AspNetCoreNeo4j.Support.csproj", "{A14C9CC5-D9E6-4F85-B06C-865C782F91A0}"
EndProject
Project("{9A19103F-16F7-4668-BE54-9A1E7A4F7556}") = "AspNetCore.Identity.Neo4jExtras", "AspNetCore.Identity.Neo4jExtras\AspNetCore.Identity.Neo4jExtras.csproj", "{BF7F5CA6-F00D-43FE-8FEA-084DB1AAC793}"
EndProject
Project("{2150E333-8FDC-42A3-9474-1A3956D46DE8}") = "Tests", "Tests", "{25AD9ACD-3497-46B1-8FDB-306880344953}"
EndProject
Project("{9A19103F-16F7-4668-BE54-9A1E7A4F7556}") = "AspNetCore.Identity.Neo4j.Test", "AspNetCore.Identity.Neo4j.Test\AspNetCore.Identity.Neo4j.Test.csproj", "{4023D4AB-F975-4CDF-A276-532BE3588D7B}"
EndProject
Project("{9A19103F-16F7-4668-BE54-9A1E7A4F7556}") = "AspNetCore.Identity.MultiFactor.Test.Neo4j", "AspNetCore.Identity.MultiFactor.Test.Neo4j\AspNetCore.Identity.MultiFactor.Test.Neo4j.csproj", "{4C6C0305-5DA1-4499-A5DB-35187EDC2779}"
EndProject
Project("{9A19103F-16F7-4668-BE54-9A1E7A4F7556}") = "AspNetCore.Identity.MultiFactor.Test.Core", "AspNetCore.Identity.MultiFactor.Test.Core\AspNetCore.Identity.MultiFactor.Test.Core.csproj", "{DAC2C888-55FD-46EE-BD75-FBC5A985F71E}"
EndProject
Project("{2150E333-8FDC-42A3-9474-1A3956D46DE8}") = "IdentityServer4_Sources", "IdentityServer4_Sources", "{EAD7FB7F-9F16-4834-8394-14F5D659E481}"
EndProject
Project("{9A19103F-16F7-4668-BE54-9A1E7A4F7556}") = "IdentityServer4.All", "IdentityServer4.All\IdentityServer4.All.csproj", "{FAA3BECA-CDDE-4A66-BA9F-6C98342F37BB}"
EndProject
Project("{9A19103F-16F7-4668-BE54-9A1E7A4F7556}") = "IdentityModel.All", "IdentityModel.All\IdentityModel.All.csproj", "{DF8FE6B0-A785-47D3-A0A6-5C6BFDC12D01}"
EndProject
Project("{9A19103F-16F7-4668-BE54-9A1E7A4F7556}") = "IdentityServer4.AspNetIdentity.All", "IdentityServer4.AspNetIdentity.All\IdentityServer4.AspNetIdentity.All.csproj", "{095A449E-2B0A-4DAC-B5AD-ED75954B7CF8}"
EndProject
Project("{2150E333-8FDC-42A3-9474-1A3956D46DE8}") = "asp.net source", "asp.net source", "{9506C86B-FA87-49F8-A4B3-A19198FA0650}"
EndProject
Project("{9A19103F-16F7-4668-BE54-9A1E7A4F7556}") = "P7.AspNetCore.Authentication.OpenIdConnect", "P7.AspNetCore.Authentication.OpenIdConnect\P7.AspNetCore.Authentication.OpenIdConnect.csproj", "{B4CBFDFC-7C72-47E7-BFE1-93133797238C}"
EndProject
Project("{9A19103F-16F7-4668-BE54-9A1E7A4F7556}") = "IdentityServer4Extras", "IdentityServer4Extras\IdentityServer4Extras.csproj", "{B316B475-02D0-40C6-9686-888C1777282E}"
EndProject
Project("{9A19103F-16F7-4668-BE54-9A1E7A4F7556}") = "NetCoreConsoleClient", "NetCoreConsoleClient\NetCoreConsoleClient.csproj", "{786E18C2-D5F1-425A-898D-341E9F2B69C4}"
EndProject
Project("{9A19103F-16F7-4668-BE54-9A1E7A4F7556}") = "ApiServer", "ApiServer\ApiServer.csproj", "{B33B6D0F-C81E-4427-A728-2446EF22AFEB}"
EndProject
Project("{2150E333-8FDC-42A3-9474-1A3956D46DE8}") = "Clients-Native", "Clients-Native", "{4E2655C8-62E8-4387-A31B-F79C5DC661B6}"
EndProject
Project("{2150E333-8FDC-42A3-9474-1A3956D46DE8}") = "Hosts", "Hosts", "{835BE01D-776C-4462-9CBA-31E8344A069F}"
EndProject
Project("{2150E333-8FDC-42A3-9474-1A3956D46DE8}") = "Clients-Web", "Clients-Web", "{59A8D9D8-0980-45E3-8DBA-ADAB346D0BE5}"
EndProject
Project("{FAE04EC0-301F-11D3-BF4B-00C04F79EFBC}") = "WpfApp", "WpfApp\WpfApp.csproj", "{6A35BDC1-383C-4937-8A9C-230A1BA38E45}"
EndProject
Project("{9A19103F-16F7-4668-BE54-9A1E7A4F7556}") = "IdentityServer4.AccessTokenValidation.All", "IdentityServer4.AccessTokenValidation.All\IdentityServer4.AccessTokenValidation.All.csproj", "{FF2C8974-A503-481B-B6B4-7DACFEEEE8BB}"
EndProject
Project("{9A19103F-16F7-4668-BE54-9A1E7A4F7556}") = "Stores.IdentityServer4.Neo4j", "Stores.IdentityServer4.Neo4j\Stores.IdentityServer4.Neo4j.csproj", "{1195535A-910A-4190-891A-D97786D5F731}"
EndProject
Project("{9A19103F-16F7-4668-BE54-9A1E7A4F7556}") = "Neo4jExtras", "Neo4jExtras\Neo4jExtras.csproj", "{FB41B463-4361-48F1-9C56-E8586DC1700C}"
EndProject
Project("{9A19103F-16F7-4668-BE54-9A1E7A4F7556}") = "Stores.IdentityServer4.Neo4j.Test", "Stores.IdentityServer4.Neo4j.Test\Stores.IdentityServer4.Neo4j.Test.csproj", "{AA5C40CF-A688-474C-866F-B355B17A8B3B}"
EndProject
Project("{9A19103F-16F7-4668-BE54-9A1E7A4F7556}") = "Stores.IdentityServer4.Test.Core", "Stores.IdentityServer4.Test.Core\Stores.IdentityServer4.Test.Core.csproj", "{8008E3FC-BDE3-4246-AC4A-5F27D4EC0C39}"
EndProject
Project("{FAE04EC0-301F-11D3-BF4B-00C04F79EFBC}") = "PagesWebApp.AspNetCoreNeo4j.SupportAgent", "PagesWebApp.AspNetCoreNeo4j.SupportAgent\PagesWebApp.AspNetCoreNeo4j.SupportAgent.csproj", "{6BA0C4C5-D10C-49F8-9563-D4DAC8AD8520}"
EndProject
Project("{2150E333-8FDC-42A3-9474-1A3956D46DE8}") = "2.2.0", "2.2.0", "{B08A8416-7D77-403F-B5ED-F034AA8CC4BF}"
EndProject
Project("{9A19103F-16F7-4668-BE54-9A1E7A4F7556}") = "IdentityServer4", "IdentityServer4\IdentityServer4.csproj", "{ED40BE93-F616-41C4-B7DB-A1828F1836BB}"
EndProject
Global
	GlobalSection(SolutionConfigurationPlatforms) = preSolution
		Debug|Any CPU = Debug|Any CPU
		Release|Any CPU = Release|Any CPU
	EndGlobalSection
	GlobalSection(ProjectConfigurationPlatforms) = postSolution
		{C0BF7511-19E5-4740-9529-BD51BE41AE98}.Debug|Any CPU.ActiveCfg = Debug|Any CPU
		{C0BF7511-19E5-4740-9529-BD51BE41AE98}.Debug|Any CPU.Build.0 = Debug|Any CPU
		{C0BF7511-19E5-4740-9529-BD51BE41AE98}.Release|Any CPU.ActiveCfg = Release|Any CPU
		{C0BF7511-19E5-4740-9529-BD51BE41AE98}.Release|Any CPU.Build.0 = Release|Any CPU
		{68993A91-3450-4839-ABFD-F0C00D4B824A}.Debug|Any CPU.ActiveCfg = Debug|Any CPU
		{68993A91-3450-4839-ABFD-F0C00D4B824A}.Debug|Any CPU.Build.0 = Debug|Any CPU
		{68993A91-3450-4839-ABFD-F0C00D4B824A}.Release|Any CPU.ActiveCfg = Release|Any CPU
		{68993A91-3450-4839-ABFD-F0C00D4B824A}.Release|Any CPU.Build.0 = Release|Any CPU
		{375E71AE-6175-43AB-91DF-0218A7CEAB77}.Debug|Any CPU.ActiveCfg = Debug|Any CPU
		{375E71AE-6175-43AB-91DF-0218A7CEAB77}.Debug|Any CPU.Build.0 = Debug|Any CPU
		{375E71AE-6175-43AB-91DF-0218A7CEAB77}.Release|Any CPU.ActiveCfg = Release|Any CPU
		{375E71AE-6175-43AB-91DF-0218A7CEAB77}.Release|Any CPU.Build.0 = Release|Any CPU
		{A2AF9E93-C4C4-4132-9911-252907C34EA1}.Debug|Any CPU.ActiveCfg = Debug|Any CPU
		{A2AF9E93-C4C4-4132-9911-252907C34EA1}.Debug|Any CPU.Build.0 = Debug|Any CPU
		{A2AF9E93-C4C4-4132-9911-252907C34EA1}.Release|Any CPU.ActiveCfg = Release|Any CPU
		{A2AF9E93-C4C4-4132-9911-252907C34EA1}.Release|Any CPU.Build.0 = Release|Any CPU
		{2D86D385-2961-411E-A2D6-25DBD289F3DB}.Debug|Any CPU.ActiveCfg = Debug|Any CPU
		{2D86D385-2961-411E-A2D6-25DBD289F3DB}.Debug|Any CPU.Build.0 = Debug|Any CPU
		{2D86D385-2961-411E-A2D6-25DBD289F3DB}.Release|Any CPU.ActiveCfg = Release|Any CPU
		{2D86D385-2961-411E-A2D6-25DBD289F3DB}.Release|Any CPU.Build.0 = Release|Any CPU
		{CB62AF2F-B692-4FF7-9683-7A29ED0104D9}.Debug|Any CPU.ActiveCfg = Debug|Any CPU
		{CB62AF2F-B692-4FF7-9683-7A29ED0104D9}.Debug|Any CPU.Build.0 = Debug|Any CPU
		{CB62AF2F-B692-4FF7-9683-7A29ED0104D9}.Release|Any CPU.ActiveCfg = Release|Any CPU
		{CB62AF2F-B692-4FF7-9683-7A29ED0104D9}.Release|Any CPU.Build.0 = Release|Any CPU
		{A14C9CC5-D9E6-4F85-B06C-865C782F91A0}.Debug|Any CPU.ActiveCfg = Debug|Any CPU
		{A14C9CC5-D9E6-4F85-B06C-865C782F91A0}.Debug|Any CPU.Build.0 = Debug|Any CPU
		{A14C9CC5-D9E6-4F85-B06C-865C782F91A0}.Release|Any CPU.ActiveCfg = Release|Any CPU
		{A14C9CC5-D9E6-4F85-B06C-865C782F91A0}.Release|Any CPU.Build.0 = Release|Any CPU
		{BF7F5CA6-F00D-43FE-8FEA-084DB1AAC793}.Debug|Any CPU.ActiveCfg = Debug|Any CPU
		{BF7F5CA6-F00D-43FE-8FEA-084DB1AAC793}.Debug|Any CPU.Build.0 = Debug|Any CPU
		{BF7F5CA6-F00D-43FE-8FEA-084DB1AAC793}.Release|Any CPU.ActiveCfg = Release|Any CPU
		{BF7F5CA6-F00D-43FE-8FEA-084DB1AAC793}.Release|Any CPU.Build.0 = Release|Any CPU
		{4023D4AB-F975-4CDF-A276-532BE3588D7B}.Debug|Any CPU.ActiveCfg = Debug|Any CPU
		{4023D4AB-F975-4CDF-A276-532BE3588D7B}.Debug|Any CPU.Build.0 = Debug|Any CPU
		{4023D4AB-F975-4CDF-A276-532BE3588D7B}.Release|Any CPU.ActiveCfg = Release|Any CPU
		{4023D4AB-F975-4CDF-A276-532BE3588D7B}.Release|Any CPU.Build.0 = Release|Any CPU
		{4C6C0305-5DA1-4499-A5DB-35187EDC2779}.Debug|Any CPU.ActiveCfg = Debug|Any CPU
		{4C6C0305-5DA1-4499-A5DB-35187EDC2779}.Debug|Any CPU.Build.0 = Debug|Any CPU
		{4C6C0305-5DA1-4499-A5DB-35187EDC2779}.Release|Any CPU.ActiveCfg = Release|Any CPU
		{4C6C0305-5DA1-4499-A5DB-35187EDC2779}.Release|Any CPU.Build.0 = Release|Any CPU
		{DAC2C888-55FD-46EE-BD75-FBC5A985F71E}.Debug|Any CPU.ActiveCfg = Debug|Any CPU
		{DAC2C888-55FD-46EE-BD75-FBC5A985F71E}.Debug|Any CPU.Build.0 = Debug|Any CPU
		{DAC2C888-55FD-46EE-BD75-FBC5A985F71E}.Release|Any CPU.ActiveCfg = Release|Any CPU
		{DAC2C888-55FD-46EE-BD75-FBC5A985F71E}.Release|Any CPU.Build.0 = Release|Any CPU
		{FAA3BECA-CDDE-4A66-BA9F-6C98342F37BB}.Debug|Any CPU.ActiveCfg = Debug|Any CPU
		{FAA3BECA-CDDE-4A66-BA9F-6C98342F37BB}.Debug|Any CPU.Build.0 = Debug|Any CPU
		{FAA3BECA-CDDE-4A66-BA9F-6C98342F37BB}.Release|Any CPU.ActiveCfg = Release|Any CPU
		{FAA3BECA-CDDE-4A66-BA9F-6C98342F37BB}.Release|Any CPU.Build.0 = Release|Any CPU
		{DF8FE6B0-A785-47D3-A0A6-5C6BFDC12D01}.Debug|Any CPU.ActiveCfg = Debug|Any CPU
		{DF8FE6B0-A785-47D3-A0A6-5C6BFDC12D01}.Debug|Any CPU.Build.0 = Debug|Any CPU
		{DF8FE6B0-A785-47D3-A0A6-5C6BFDC12D01}.Release|Any CPU.ActiveCfg = Release|Any CPU
		{DF8FE6B0-A785-47D3-A0A6-5C6BFDC12D01}.Release|Any CPU.Build.0 = Release|Any CPU
		{095A449E-2B0A-4DAC-B5AD-ED75954B7CF8}.Debug|Any CPU.ActiveCfg = Debug|Any CPU
		{095A449E-2B0A-4DAC-B5AD-ED75954B7CF8}.Debug|Any CPU.Build.0 = Debug|Any CPU
		{095A449E-2B0A-4DAC-B5AD-ED75954B7CF8}.Release|Any CPU.ActiveCfg = Release|Any CPU
		{095A449E-2B0A-4DAC-B5AD-ED75954B7CF8}.Release|Any CPU.Build.0 = Release|Any CPU
		{B4CBFDFC-7C72-47E7-BFE1-93133797238C}.Debug|Any CPU.ActiveCfg = Debug|Any CPU
		{B4CBFDFC-7C72-47E7-BFE1-93133797238C}.Debug|Any CPU.Build.0 = Debug|Any CPU
		{B4CBFDFC-7C72-47E7-BFE1-93133797238C}.Release|Any CPU.ActiveCfg = Release|Any CPU
		{B4CBFDFC-7C72-47E7-BFE1-93133797238C}.Release|Any CPU.Build.0 = Release|Any CPU
		{B316B475-02D0-40C6-9686-888C1777282E}.Debug|Any CPU.ActiveCfg = Debug|Any CPU
		{B316B475-02D0-40C6-9686-888C1777282E}.Debug|Any CPU.Build.0 = Debug|Any CPU
		{B316B475-02D0-40C6-9686-888C1777282E}.Release|Any CPU.ActiveCfg = Release|Any CPU
		{B316B475-02D0-40C6-9686-888C1777282E}.Release|Any CPU.Build.0 = Release|Any CPU
		{786E18C2-D5F1-425A-898D-341E9F2B69C4}.Debug|Any CPU.ActiveCfg = Debug|Any CPU
		{786E18C2-D5F1-425A-898D-341E9F2B69C4}.Debug|Any CPU.Build.0 = Debug|Any CPU
		{786E18C2-D5F1-425A-898D-341E9F2B69C4}.Release|Any CPU.ActiveCfg = Release|Any CPU
		{786E18C2-D5F1-425A-898D-341E9F2B69C4}.Release|Any CPU.Build.0 = Release|Any CPU
		{B33B6D0F-C81E-4427-A728-2446EF22AFEB}.Debug|Any CPU.ActiveCfg = Debug|Any CPU
		{B33B6D0F-C81E-4427-A728-2446EF22AFEB}.Debug|Any CPU.Build.0 = Debug|Any CPU
		{B33B6D0F-C81E-4427-A728-2446EF22AFEB}.Release|Any CPU.ActiveCfg = Release|Any CPU
		{B33B6D0F-C81E-4427-A728-2446EF22AFEB}.Release|Any CPU.Build.0 = Release|Any CPU
		{6A35BDC1-383C-4937-8A9C-230A1BA38E45}.Debug|Any CPU.ActiveCfg = Debug|Any CPU
		{6A35BDC1-383C-4937-8A9C-230A1BA38E45}.Debug|Any CPU.Build.0 = Debug|Any CPU
		{6A35BDC1-383C-4937-8A9C-230A1BA38E45}.Release|Any CPU.ActiveCfg = Release|Any CPU
		{6A35BDC1-383C-4937-8A9C-230A1BA38E45}.Release|Any CPU.Build.0 = Release|Any CPU
		{FF2C8974-A503-481B-B6B4-7DACFEEEE8BB}.Debug|Any CPU.ActiveCfg = Debug|Any CPU
		{FF2C8974-A503-481B-B6B4-7DACFEEEE8BB}.Debug|Any CPU.Build.0 = Debug|Any CPU
		{FF2C8974-A503-481B-B6B4-7DACFEEEE8BB}.Release|Any CPU.ActiveCfg = Release|Any CPU
		{FF2C8974-A503-481B-B6B4-7DACFEEEE8BB}.Release|Any CPU.Build.0 = Release|Any CPU
		{1195535A-910A-4190-891A-D97786D5F731}.Debug|Any CPU.ActiveCfg = Debug|Any CPU
		{1195535A-910A-4190-891A-D97786D5F731}.Debug|Any CPU.Build.0 = Debug|Any CPU
		{1195535A-910A-4190-891A-D97786D5F731}.Release|Any CPU.ActiveCfg = Release|Any CPU
		{1195535A-910A-4190-891A-D97786D5F731}.Release|Any CPU.Build.0 = Release|Any CPU
		{FB41B463-4361-48F1-9C56-E8586DC1700C}.Debug|Any CPU.ActiveCfg = Debug|Any CPU
		{FB41B463-4361-48F1-9C56-E8586DC1700C}.Debug|Any CPU.Build.0 = Debug|Any CPU
		{FB41B463-4361-48F1-9C56-E8586DC1700C}.Release|Any CPU.ActiveCfg = Release|Any CPU
		{FB41B463-4361-48F1-9C56-E8586DC1700C}.Release|Any CPU.Build.0 = Release|Any CPU
		{AA5C40CF-A688-474C-866F-B355B17A8B3B}.Debug|Any CPU.ActiveCfg = Debug|Any CPU
		{AA5C40CF-A688-474C-866F-B355B17A8B3B}.Debug|Any CPU.Build.0 = Debug|Any CPU
		{AA5C40CF-A688-474C-866F-B355B17A8B3B}.Release|Any CPU.ActiveCfg = Release|Any CPU
		{AA5C40CF-A688-474C-866F-B355B17A8B3B}.Release|Any CPU.Build.0 = Release|Any CPU
		{8008E3FC-BDE3-4246-AC4A-5F27D4EC0C39}.Debug|Any CPU.ActiveCfg = Debug|Any CPU
		{8008E3FC-BDE3-4246-AC4A-5F27D4EC0C39}.Debug|Any CPU.Build.0 = Debug|Any CPU
		{8008E3FC-BDE3-4246-AC4A-5F27D4EC0C39}.Release|Any CPU.ActiveCfg = Release|Any CPU
		{8008E3FC-BDE3-4246-AC4A-5F27D4EC0C39}.Release|Any CPU.Build.0 = Release|Any CPU
		{6BA0C4C5-D10C-49F8-9563-D4DAC8AD8520}.Debug|Any CPU.ActiveCfg = Debug|Any CPU
		{6BA0C4C5-D10C-49F8-9563-D4DAC8AD8520}.Debug|Any CPU.Build.0 = Debug|Any CPU
		{6BA0C4C5-D10C-49F8-9563-D4DAC8AD8520}.Release|Any CPU.ActiveCfg = Release|Any CPU
		{6BA0C4C5-D10C-49F8-9563-D4DAC8AD8520}.Release|Any CPU.Build.0 = Release|Any CPU
		{ED40BE93-F616-41C4-B7DB-A1828F1836BB}.Debug|Any CPU.ActiveCfg = Debug|Any CPU
		{ED40BE93-F616-41C4-B7DB-A1828F1836BB}.Debug|Any CPU.Build.0 = Debug|Any CPU
		{ED40BE93-F616-41C4-B7DB-A1828F1836BB}.Release|Any CPU.ActiveCfg = Release|Any CPU
		{ED40BE93-F616-41C4-B7DB-A1828F1836BB}.Release|Any CPU.Build.0 = Release|Any CPU
	EndGlobalSection
	GlobalSection(SolutionProperties) = preSolution
		HideSolutionNode = FALSE
	EndGlobalSection
	GlobalSection(NestedProjects) = preSolution
		{C0BF7511-19E5-4740-9529-BD51BE41AE98} = {835BE01D-776C-4462-9CBA-31E8344A069F}
		{68993A91-3450-4839-ABFD-F0C00D4B824A} = {59A8D9D8-0980-45E3-8DBA-ADAB346D0BE5}
		{375E71AE-6175-43AB-91DF-0218A7CEAB77} = {59A8D9D8-0980-45E3-8DBA-ADAB346D0BE5}
		{CB62AF2F-B692-4FF7-9683-7A29ED0104D9} = {835BE01D-776C-4462-9CBA-31E8344A069F}
		{A14C9CC5-D9E6-4F85-B06C-865C782F91A0} = {835BE01D-776C-4462-9CBA-31E8344A069F}
		{4023D4AB-F975-4CDF-A276-532BE3588D7B} = {25AD9ACD-3497-46B1-8FDB-306880344953}
		{4C6C0305-5DA1-4499-A5DB-35187EDC2779} = {25AD9ACD-3497-46B1-8FDB-306880344953}
		{DAC2C888-55FD-46EE-BD75-FBC5A985F71E} = {25AD9ACD-3497-46B1-8FDB-306880344953}
		{FAA3BECA-CDDE-4A66-BA9F-6C98342F37BB} = {EAD7FB7F-9F16-4834-8394-14F5D659E481}
		{DF8FE6B0-A785-47D3-A0A6-5C6BFDC12D01} = {EAD7FB7F-9F16-4834-8394-14F5D659E481}
		{095A449E-2B0A-4DAC-B5AD-ED75954B7CF8} = {EAD7FB7F-9F16-4834-8394-14F5D659E481}
		{B4CBFDFC-7C72-47E7-BFE1-93133797238C} = {9506C86B-FA87-49F8-A4B3-A19198FA0650}
		{786E18C2-D5F1-425A-898D-341E9F2B69C4} = {4E2655C8-62E8-4387-A31B-F79C5DC661B6}
		{B33B6D0F-C81E-4427-A728-2446EF22AFEB} = {59A8D9D8-0980-45E3-8DBA-ADAB346D0BE5}
		{6A35BDC1-383C-4937-8A9C-230A1BA38E45} = {4E2655C8-62E8-4387-A31B-F79C5DC661B6}
		{FF2C8974-A503-481B-B6B4-7DACFEEEE8BB} = {EAD7FB7F-9F16-4834-8394-14F5D659E481}
		{AA5C40CF-A688-474C-866F-B355B17A8B3B} = {25AD9ACD-3497-46B1-8FDB-306880344953}
		{8008E3FC-BDE3-4246-AC4A-5F27D4EC0C39} = {25AD9ACD-3497-46B1-8FDB-306880344953}
		{6BA0C4C5-D10C-49F8-9563-D4DAC8AD8520} = {835BE01D-776C-4462-9CBA-31E8344A069F}
		{B08A8416-7D77-403F-B5ED-F034AA8CC4BF} = {EAD7FB7F-9F16-4834-8394-14F5D659E481}
		{ED40BE93-F616-41C4-B7DB-A1828F1836BB} = {B08A8416-7D77-403F-B5ED-F034AA8CC4BF}
	EndGlobalSection
	GlobalSection(ExtensibilityGlobals) = postSolution
		SolutionGuid = {EC514A87-9B40-4AB3-A606-F2A2A58C4FB7}
	EndGlobalSection
EndGlobal
