
Microsoft Visual Studio Solution File, Format Version 12.00
# Visual Studio 15
VisualStudioVersion = 15.0.27703.2026
MinimumVisualStudioVersion = 10.0.40219.1
Project("{9A19103F-16F7-4668-BE54-9A1E7A4F7556}") = "PagesWebApp", "PagesWebApp\PagesWebApp.csproj", "{C0BF7511-19E5-4740-9529-BD51BE41AE98}"
EndProject
Project("{9A19103F-16F7-4668-BE54-9A1E7A4F7556}") = "PagesWebAppClient", "PagesWebAppClient\PagesWebAppClient.csproj", "{68993A91-3450-4839-ABFD-F0C00D4B824A}"
EndProject
Project("{9A19103F-16F7-4668-BE54-9A1E7A4F7556}") = "PagesWebAppClient-NoUserDatabase", "PagesWebAppClient-NoUserDatabase\PagesWebAppClient-NoUserDatabase.csproj", "{375E71AE-6175-43AB-91DF-0218A7CEAB77}"
EndProject
Project("{9A19103F-16F7-4668-BE54-9A1E7A4F7556}") = "IdentityModelExtras", "IdentityModelExtras\IdentityModelExtras.csproj", "{A2AF9E93-C4C4-4132-9911-252907C34EA1}"
EndProject
Project("{9A19103F-16F7-4668-BE54-9A1E7A4F7556}") = "AspNetCore.Identity.Neo4j", "AspNetCore.Identity.Neo4j\AspNetCore.Identity.Neo4j.csproj", "{2D86D385-2961-411E-A2D6-25DBD289F3DB}"
EndProject
Project("{9A19103F-16F7-4668-BE54-9A1E7A4F7556}") = "PagesWebApp.AspNetCoreNeo4j", "PagesWebApp.AspNetCoreNeo4j\PagesWebApp.AspNetCoreNeo4j.csproj", "{CB62AF2F-B692-4FF7-9683-7A29ED0104D9}"
EndProject
Global
	GlobalSection(SolutionConfigurationPlatforms) = preSolution
		Debug|Any CPU = Debug|Any CPU
		Release|Any CPU = Release|Any CPU
	EndGlobalSection
	GlobalSection(ProjectConfigurationPlatforms) = postSolution
		{C0BF7511-19E5-4740-9529-BD51BE41AE98}.Debug|Any CPU.ActiveCfg = Debug|Any CPU
		{C0BF7511-19E5-4740-9529-BD51BE41AE98}.Debug|Any CPU.Build.0 = Debug|Any CPU
		{C0BF7511-19E5-4740-9529-BD51BE41AE98}.Release|Any CPU.ActiveCfg = Release|Any CPU
		{C0BF7511-19E5-4740-9529-BD51BE41AE98}.Release|Any CPU.Build.0 = Release|Any CPU
		{68993A91-3450-4839-ABFD-F0C00D4B824A}.Debug|Any CPU.ActiveCfg = Debug|Any CPU
		{68993A91-3450-4839-ABFD-F0C00D4B824A}.Debug|Any CPU.Build.0 = Debug|Any CPU
		{68993A91-3450-4839-ABFD-F0C00D4B824A}.Release|Any CPU.ActiveCfg = Release|Any CPU
		{68993A91-3450-4839-ABFD-F0C00D4B824A}.Release|Any CPU.Build.0 = Release|Any CPU
		{375E71AE-6175-43AB-91DF-0218A7CEAB77}.Debug|Any CPU.ActiveCfg = Debug|Any CPU
		{375E71AE-6175-43AB-91DF-0218A7CEAB77}.Debug|Any CPU.Build.0 = Debug|Any CPU
		{375E71AE-6175-43AB-91DF-0218A7CEAB77}.Release|Any CPU.ActiveCfg = Release|Any CPU
		{375E71AE-6175-43AB-91DF-0218A7CEAB77}.Release|Any CPU.Build.0 = Release|Any CPU
		{A2AF9E93-C4C4-4132-9911-252907C34EA1}.Debug|Any CPU.ActiveCfg = Debug|Any CPU
		{A2AF9E93-C4C4-4132-9911-252907C34EA1}.Debug|Any CPU.Build.0 = Debug|Any CPU
		{A2AF9E93-C4C4-4132-9911-252907C34EA1}.Release|Any CPU.ActiveCfg = Release|Any CPU
		{A2AF9E93-C4C4-4132-9911-252907C34EA1}.Release|Any CPU.Build.0 = Release|Any CPU
		{2D86D385-2961-411E-A2D6-25DBD289F3DB}.Debug|Any CPU.ActiveCfg = Debug|Any CPU
		{2D86D385-2961-411E-A2D6-25DBD289F3DB}.Debug|Any CPU.Build.0 = Debug|Any CPU
		{2D86D385-2961-411E-A2D6-25DBD289F3DB}.Release|Any CPU.ActiveCfg = Release|Any CPU
		{2D86D385-2961-411E-A2D6-25DBD289F3DB}.Release|Any CPU.Build.0 = Release|Any CPU
		{CB62AF2F-B692-4FF7-9683-7A29ED0104D9}.Debug|Any CPU.ActiveCfg = Debug|Any CPU
		{CB62AF2F-B692-4FF7-9683-7A29ED0104D9}.Debug|Any CPU.Build.0 = Debug|Any CPU
		{CB62AF2F-B692-4FF7-9683-7A29ED0104D9}.Release|Any CPU.ActiveCfg = Release|Any CPU
		{CB62AF2F-B692-4FF7-9683-7A29ED0104D9}.Release|Any CPU.Build.0 = Release|Any CPU
	EndGlobalSection
	GlobalSection(SolutionProperties) = preSolution
		HideSolutionNode = FALSE
	EndGlobalSection
	GlobalSection(ExtensibilityGlobals) = postSolution
		SolutionGuid = {EC514A87-9B40-4AB3-A606-F2A2A58C4FB7}
	EndGlobalSection
EndGlobal
